// !$*UTF8*$!
{
	archiveVersion = 1;
	classes = {
	};
	objectVersion = 56;
	objects = {

/* Begin PBXBuildFile section */
		48D48A002BB9F72C00CA9BBB /* TaskGroupSwiftApp.swift in Sources */ = {isa = PBXBuildFile; fileRef = 48D489FF2BB9F72C00CA9BBB /* TaskGroupSwiftApp.swift */; };
		48D48A022BB9F72C00CA9BBB /* CityListView.swift in Sources */ = {isa = PBXBuildFile; fileRef = 48D48A012BB9F72C00CA9BBB /* CityListView.swift */; };
		48D48A042BB9F72E00CA9BBB /* Assets.xcassets in Resources */ = {isa = PBXBuildFile; fileRef = 48D48A032BB9F72E00CA9BBB /* Assets.xcassets */; };
		48D48A072BB9F72E00CA9BBB /* Preview Assets.xcassets in Resources */ = {isa = PBXBuildFile; fileRef = 48D48A062BB9F72E00CA9BBB /* Preview Assets.xcassets */; };
		48D48A112BB9F72F00CA9BBB /* TaskGroupSwiftTests.swift in Sources */ = {isa = PBXBuildFile; fileRef = 48D48A102BB9F72F00CA9BBB /* TaskGroupSwiftTests.swift */; };
		48D48A1B2BB9F72F00CA9BBB /* TaskGroupSwiftUITests.swift in Sources */ = {isa = PBXBuildFile; fileRef = 48D48A1A2BB9F72F00CA9BBB /* TaskGroupSwiftUITests.swift */; };
		48D48A1D2BB9F72F00CA9BBB /* TaskGroupSwiftUITestsLaunchTests.swift in Sources */ = {isa = PBXBuildFile; fileRef = 48D48A1C2BB9F72F00CA9BBB /* TaskGroupSwiftUITestsLaunchTests.swift */; };
		48D48A2A2BB9FF5300CA9BBB /* CityListViewModel.swift in Sources */ = {isa = PBXBuildFile; fileRef = 48D48A292BB9FF5300CA9BBB /* CityListViewModel.swift */; };
		48D48A2C2BB9FF8300CA9BBB /* CityModel.swift in Sources */ = {isa = PBXBuildFile; fileRef = 48D48A2B2BB9FF8300CA9BBB /* CityModel.swift */; };
		48D48A2F2BBA000F00CA9BBB /* WeatherForecast.swift in Sources */ = {isa = PBXBuildFile; fileRef = 48D48A2E2BBA000E00CA9BBB /* WeatherForecast.swift */; };
		48D48A332BBA005500CA9BBB /* WeatherDetailsViewModel.swift in Sources */ = {isa = PBXBuildFile; fileRef = 48D48A302BBA005500CA9BBB /* WeatherDetailsViewModel.swift */; };
		48D48A342BBA005500CA9BBB /* WeatherDetailsView.swift in Sources */ = {isa = PBXBuildFile; fileRef = 48D48A312BBA005500CA9BBB /* WeatherDetailsView.swift */; };
		48D48A352BBA005500CA9BBB /* WeatherDetailsRow.swift in Sources */ = {isa = PBXBuildFile; fileRef = 48D48A322BBA005500CA9BBB /* WeatherDetailsRow.swift */; };
		48D48A3E2BBA015B00CA9BBB /* Double+Extension.swift in Sources */ = {isa = PBXBuildFile; fileRef = 48D48A3D2BBA015B00CA9BBB /* Double+Extension.swift */; };
		48D48A442BBA01A700CA9BBB /* Constants.swift in Sources */ = {isa = PBXBuildFile; fileRef = 48D48A412BBA01A700CA9BBB /* Constants.swift */; };
		48D48A452BBA01A700CA9BBB /* WebService.swift in Sources */ = {isa = PBXBuildFile; fileRef = 48D48A422BBA01A700CA9BBB /* WebService.swift */; };
		48D48A462BBA01A700CA9BBB /* ErrorModel.swift in Sources */ = {isa = PBXBuildFile; fileRef = 48D48A432BBA01A700CA9BBB /* ErrorModel.swift */; };
		48D48A482BBA087F00CA9BBB /* CityListRow.swift in Sources */ = {isa = PBXBuildFile; fileRef = 48D48A472BBA087F00CA9BBB /* CityListRow.swift */; };
/* End PBXBuildFile section */

/* Begin PBXContainerItemProxy section */
		48D48A0D2BB9F72F00CA9BBB /* PBXContainerItemProxy */ = {
			isa = PBXContainerItemProxy;
			containerPortal = 48D489F42BB9F72C00CA9BBB /* Project object */;
			proxyType = 1;
			remoteGlobalIDString = 48D489FB2BB9F72C00CA9BBB;
			remoteInfo = TaskGroupSwift;
		};
		48D48A172BB9F72F00CA9BBB /* PBXContainerItemProxy */ = {
			isa = PBXContainerItemProxy;
			containerPortal = 48D489F42BB9F72C00CA9BBB /* Project object */;
			proxyType = 1;
			remoteGlobalIDString = 48D489FB2BB9F72C00CA9BBB;
			remoteInfo = TaskGroupSwift;
		};
/* End PBXContainerItemProxy section */

/* Begin PBXFileReference section */
		48D489FC2BB9F72C00CA9BBB /* TaskGroupSwift.app */ = {isa = PBXFileReference; explicitFileType = wrapper.application; includeInIndex = 0; path = TaskGroupSwift.app; sourceTree = BUILT_PRODUCTS_DIR; };
		48D489FF2BB9F72C00CA9BBB /* TaskGroupSwiftApp.swift */ = {isa = PBXFileReference; lastKnownFileType = sourcecode.swift; path = TaskGroupSwiftApp.swift; sourceTree = "<group>"; };
		48D48A012BB9F72C00CA9BBB /* CityListView.swift */ = {isa = PBXFileReference; lastKnownFileType = sourcecode.swift; path = CityListView.swift; sourceTree = "<group>"; };
		48D48A032BB9F72E00CA9BBB /* Assets.xcassets */ = {isa = PBXFileReference; lastKnownFileType = folder.assetcatalog; path = Assets.xcassets; sourceTree = "<group>"; };
		48D48A062BB9F72E00CA9BBB /* Preview Assets.xcassets */ = {isa = PBXFileReference; lastKnownFileType = folder.assetcatalog; path = "Preview Assets.xcassets"; sourceTree = "<group>"; };
		48D48A0C2BB9F72F00CA9BBB /* TaskGroupSwiftTests.xctest */ = {isa = PBXFileReference; explicitFileType = wrapper.cfbundle; includeInIndex = 0; path = TaskGroupSwiftTests.xctest; sourceTree = BUILT_PRODUCTS_DIR; };
		48D48A102BB9F72F00CA9BBB /* TaskGroupSwiftTests.swift */ = {isa = PBXFileReference; lastKnownFileType = sourcecode.swift; path = TaskGroupSwiftTests.swift; sourceTree = "<group>"; };
		48D48A162BB9F72F00CA9BBB /* TaskGroupSwiftUITests.xctest */ = {isa = PBXFileReference; explicitFileType = wrapper.cfbundle; includeInIndex = 0; path = TaskGroupSwiftUITests.xctest; sourceTree = BUILT_PRODUCTS_DIR; };
		48D48A1A2BB9F72F00CA9BBB /* TaskGroupSwiftUITests.swift */ = {isa = PBXFileReference; lastKnownFileType = sourcecode.swift; path = TaskGroupSwiftUITests.swift; sourceTree = "<group>"; };
		48D48A1C2BB9F72F00CA9BBB /* TaskGroupSwiftUITestsLaunchTests.swift */ = {isa = PBXFileReference; lastKnownFileType = sourcecode.swift; path = TaskGroupSwiftUITestsLaunchTests.swift; sourceTree = "<group>"; };
		48D48A292BB9FF5300CA9BBB /* CityListViewModel.swift */ = {isa = PBXFileReference; lastKnownFileType = sourcecode.swift; path = CityListViewModel.swift; sourceTree = "<group>"; };
		48D48A2B2BB9FF8300CA9BBB /* CityModel.swift */ = {isa = PBXFileReference; fileEncoding = 4; lastKnownFileType = sourcecode.swift; path = CityModel.swift; sourceTree = "<group>"; };
		48D48A2E2BBA000E00CA9BBB /* WeatherForecast.swift */ = {isa = PBXFileReference; fileEncoding = 4; lastKnownFileType = sourcecode.swift; path = WeatherForecast.swift; sourceTree = "<group>"; };
		48D48A302BBA005500CA9BBB /* WeatherDetailsViewModel.swift */ = {isa = PBXFileReference; fileEncoding = 4; lastKnownFileType = sourcecode.swift; path = WeatherDetailsViewModel.swift; sourceTree = "<group>"; };
		48D48A312BBA005500CA9BBB /* WeatherDetailsView.swift */ = {isa = PBXFileReference; fileEncoding = 4; lastKnownFileType = sourcecode.swift; path = WeatherDetailsView.swift; sourceTree = "<group>"; };
		48D48A322BBA005500CA9BBB /* WeatherDetailsRow.swift */ = {isa = PBXFileReference; fileEncoding = 4; lastKnownFileType = sourcecode.swift; path = WeatherDetailsRow.swift; sourceTree = "<group>"; };
		48D48A3D2BBA015B00CA9BBB /* Double+Extension.swift */ = {isa = PBXFileReference; fileEncoding = 4; lastKnownFileType = sourcecode.swift; path = "Double+Extension.swift"; sourceTree = "<group>"; };
		48D48A412BBA01A700CA9BBB /* Constants.swift */ = {isa = PBXFileReference; fileEncoding = 4; lastKnownFileType = sourcecode.swift; path = Constants.swift; sourceTree = "<group>"; };
		48D48A422BBA01A700CA9BBB /* WebService.swift */ = {isa = PBXFileReference; fileEncoding = 4; lastKnownFileType = sourcecode.swift; path = WebService.swift; sourceTree = "<group>"; };
		48D48A432BBA01A700CA9BBB /* ErrorModel.swift */ = {isa = PBXFileReference; fileEncoding = 4; lastKnownFileType = sourcecode.swift; path = ErrorModel.swift; sourceTree = "<group>"; };
		48D48A472BBA087F00CA9BBB /* CityListRow.swift */ = {isa = PBXFileReference; lastKnownFileType = sourcecode.swift; path = CityListRow.swift; sourceTree = "<group>"; };
/* End PBXFileReference section */

/* Begin PBXFrameworksBuildPhase section */
		48D489F92BB9F72C00CA9BBB /* Frameworks */ = {
			isa = PBXFrameworksBuildPhase;
			buildActionMask = 2147483647;
			files = (
			);
			runOnlyForDeploymentPostprocessing = 0;
		};
		48D48A092BB9F72F00CA9BBB /* Frameworks */ = {
			isa = PBXFrameworksBuildPhase;
			buildActionMask = 2147483647;
			files = (
			);
			runOnlyForDeploymentPostprocessing = 0;
		};
		48D48A132BB9F72F00CA9BBB /* Frameworks */ = {
			isa = PBXFrameworksBuildPhase;
			buildActionMask = 2147483647;
			files = (
			);
			runOnlyForDeploymentPostprocessing = 0;
		};
/* End PBXFrameworksBuildPhase section */

/* Begin PBXGroup section */
		48D489F32BB9F72C00CA9BBB = {
			isa = PBXGroup;
			children = (
				48D489FE2BB9F72C00CA9BBB /* TaskGroupSwift */,
				48D48A0F2BB9F72F00CA9BBB /* TaskGroupSwiftTests */,
				48D48A192BB9F72F00CA9BBB /* TaskGroupSwiftUITests */,
				48D489FD2BB9F72C00CA9BBB /* Products */,
			);
			sourceTree = "<group>";
		};
		48D489FD2BB9F72C00CA9BBB /* Products */ = {
			isa = PBXGroup;
			children = (
				48D489FC2BB9F72C00CA9BBB /* TaskGroupSwift.app */,
				48D48A0C2BB9F72F00CA9BBB /* TaskGroupSwiftTests.xctest */,
				48D48A162BB9F72F00CA9BBB /* TaskGroupSwiftUITests.xctest */,
			);
			name = Products;
			sourceTree = "<group>";
		};
		48D489FE2BB9F72C00CA9BBB /* TaskGroupSwift */ = {
			isa = PBXGroup;
			children = (
				48D489FF2BB9F72C00CA9BBB /* TaskGroupSwiftApp.swift */,
				48D48A3F2BBA016B00CA9BBB /* Extension */,
				48D48A402BBA018600CA9BBB /* WebService */,
				48D48A2D2BB9FFCC00CA9BBB /* CityList */,
				48D48A362BBA006400CA9BBB /* WeatherDetails */,
				48D48A032BB9F72E00CA9BBB /* Assets.xcassets */,
				48D48A052BB9F72E00CA9BBB /* Preview Content */,
			);
			path = TaskGroupSwift;
			sourceTree = "<group>";
		};
		48D48A052BB9F72E00CA9BBB /* Preview Content */ = {
			isa = PBXGroup;
			children = (
				48D48A062BB9F72E00CA9BBB /* Preview Assets.xcassets */,
			);
			path = "Preview Content";
			sourceTree = "<group>";
		};
		48D48A0F2BB9F72F00CA9BBB /* TaskGroupSwiftTests */ = {
			isa = PBXGroup;
			children = (
				48D48A102BB9F72F00CA9BBB /* TaskGroupSwiftTests.swift */,
			);
			path = TaskGroupSwiftTests;
			sourceTree = "<group>";
		};
		48D48A192BB9F72F00CA9BBB /* TaskGroupSwiftUITests */ = {
			isa = PBXGroup;
			children = (
				48D48A1A2BB9F72F00CA9BBB /* TaskGroupSwiftUITests.swift */,
				48D48A1C2BB9F72F00CA9BBB /* TaskGroupSwiftUITestsLaunchTests.swift */,
			);
			path = TaskGroupSwiftUITests;
			sourceTree = "<group>";
		};
		48D48A2D2BB9FFCC00CA9BBB /* CityList */ = {
			isa = PBXGroup;
			children = (
				48D48A372BBA007F00CA9BBB /* View */,
				48D48A382BBA008600CA9BBB /* Model */,
				48D48A392BBA009400CA9BBB /* ViewModel */,
			);
			path = CityList;
			sourceTree = "<group>";
		};
		48D48A362BBA006400CA9BBB /* WeatherDetails */ = {
			isa = PBXGroup;
			children = (
				48D48A3A2BBA00A100CA9BBB /* Model */,
				48D48A3B2BBA00B000CA9BBB /* View */,
				48D48A3C2BBA00B600CA9BBB /* ViewModel */,
			);
			path = WeatherDetails;
			sourceTree = "<group>";
		};
		48D48A372BBA007F00CA9BBB /* View */ = {
			isa = PBXGroup;
			children = (
				48D48A012BB9F72C00CA9BBB /* CityListView.swift */,
				48D48A472BBA087F00CA9BBB /* CityListRow.swift */,
			);
			path = View;
			sourceTree = "<group>";
		};
		48D48A382BBA008600CA9BBB /* Model */ = {
			isa = PBXGroup;
			children = (
				48D48A2B2BB9FF8300CA9BBB /* CityModel.swift */,
			);
			path = Model;
			sourceTree = "<group>";
		};
		48D48A392BBA009400CA9BBB /* ViewModel */ = {
			isa = PBXGroup;
			children = (
				48D48A292BB9FF5300CA9BBB /* CityListViewModel.swift */,
			);
			path = ViewModel;
			sourceTree = "<group>";
		};
		48D48A3A2BBA00A100CA9BBB /* Model */ = {
			isa = PBXGroup;
			children = (
				48D48A2E2BBA000E00CA9BBB /* WeatherForecast.swift */,
			);
			path = Model;
			sourceTree = "<group>";
		};
		48D48A3B2BBA00B000CA9BBB /* View */ = {
			isa = PBXGroup;
			children = (
				48D48A312BBA005500CA9BBB /* WeatherDetailsView.swift */,
				48D48A322BBA005500CA9BBB /* WeatherDetailsRow.swift */,
			);
			path = View;
			sourceTree = "<group>";
		};
		48D48A3C2BBA00B600CA9BBB /* ViewModel */ = {
			isa = PBXGroup;
			children = (
				48D48A302BBA005500CA9BBB /* WeatherDetailsViewModel.swift */,
			);
			path = ViewModel;
			sourceTree = "<group>";
		};
		48D48A3F2BBA016B00CA9BBB /* Extension */ = {
			isa = PBXGroup;
			children = (
				48D48A3D2BBA015B00CA9BBB /* Double+Extension.swift */,
			);
			path = Extension;
			sourceTree = "<group>";
		};
		48D48A402BBA018600CA9BBB /* WebService */ = {
			isa = PBXGroup;
			children = (
				48D48A412BBA01A700CA9BBB /* Constants.swift */,
				48D48A432BBA01A700CA9BBB /* ErrorModel.swift */,
				48D48A422BBA01A700CA9BBB /* WebService.swift */,
			);
			path = WebService;
			sourceTree = "<group>";
		};
/* End PBXGroup section */

/* Begin PBXNativeTarget section */
		48D489FB2BB9F72C00CA9BBB /* TaskGroupSwift */ = {
			isa = PBXNativeTarget;
			buildConfigurationList = 48D48A202BB9F72F00CA9BBB /* Build configuration list for PBXNativeTarget "TaskGroupSwift" */;
			buildPhases = (
				48D489F82BB9F72C00CA9BBB /* Sources */,
				48D489F92BB9F72C00CA9BBB /* Frameworks */,
				48D489FA2BB9F72C00CA9BBB /* Resources */,
			);
			buildRules = (
			);
			dependencies = (
			);
			name = TaskGroupSwift;
			productName = TaskGroupSwift;
			productReference = 48D489FC2BB9F72C00CA9BBB /* TaskGroupSwift.app */;
			productType = "com.apple.product-type.application";
		};
		48D48A0B2BB9F72F00CA9BBB /* TaskGroupSwiftTests */ = {
			isa = PBXNativeTarget;
			buildConfigurationList = 48D48A232BB9F72F00CA9BBB /* Build configuration list for PBXNativeTarget "TaskGroupSwiftTests" */;
			buildPhases = (
				48D48A082BB9F72F00CA9BBB /* Sources */,
				48D48A092BB9F72F00CA9BBB /* Frameworks */,
				48D48A0A2BB9F72F00CA9BBB /* Resources */,
			);
			buildRules = (
			);
			dependencies = (
				48D48A0E2BB9F72F00CA9BBB /* PBXTargetDependency */,
			);
			name = TaskGroupSwiftTests;
			productName = TaskGroupSwiftTests;
			productReference = 48D48A0C2BB9F72F00CA9BBB /* TaskGroupSwiftTests.xctest */;
			productType = "com.apple.product-type.bundle.unit-test";
		};
		48D48A152BB9F72F00CA9BBB /* TaskGroupSwiftUITests */ = {
			isa = PBXNativeTarget;
			buildConfigurationList = 48D48A262BB9F72F00CA9BBB /* Build configuration list for PBXNativeTarget "TaskGroupSwiftUITests" */;
			buildPhases = (
				48D48A122BB9F72F00CA9BBB /* Sources */,
				48D48A132BB9F72F00CA9BBB /* Frameworks */,
				48D48A142BB9F72F00CA9BBB /* Resources */,
			);
			buildRules = (
			);
			dependencies = (
				48D48A182BB9F72F00CA9BBB /* PBXTargetDependency */,
			);
			name = TaskGroupSwiftUITests;
			productName = TaskGroupSwiftUITests;
			productReference = 48D48A162BB9F72F00CA9BBB /* TaskGroupSwiftUITests.xctest */;
			productType = "com.apple.product-type.bundle.ui-testing";
		};
/* End PBXNativeTarget section */

/* Begin PBXProject section */
		48D489F42BB9F72C00CA9BBB /* Project object */ = {
			isa = PBXProject;
			attributes = {
				BuildIndependentTargetsInParallel = 1;
				LastSwiftUpdateCheck = 1500;
				LastUpgradeCheck = 1500;
				TargetAttributes = {
					48D489FB2BB9F72C00CA9BBB = {
						CreatedOnToolsVersion = 15.0.1;
					};
					48D48A0B2BB9F72F00CA9BBB = {
						CreatedOnToolsVersion = 15.0.1;
						TestTargetID = 48D489FB2BB9F72C00CA9BBB;
					};
					48D48A152BB9F72F00CA9BBB = {
						CreatedOnToolsVersion = 15.0.1;
						TestTargetID = 48D489FB2BB9F72C00CA9BBB;
					};
				};
			};
			buildConfigurationList = 48D489F72BB9F72C00CA9BBB /* Build configuration list for PBXProject "TaskGroupSwift" */;
			compatibilityVersion = "Xcode 14.0";
			developmentRegion = en;
			hasScannedForEncodings = 0;
			knownRegions = (
				en,
				Base,
			);
			mainGroup = 48D489F32BB9F72C00CA9BBB;
			productRefGroup = 48D489FD2BB9F72C00CA9BBB /* Products */;
			projectDirPath = "";
			projectRoot = "";
			targets = (
				48D489FB2BB9F72C00CA9BBB /* TaskGroupSwift */,
				48D48A0B2BB9F72F00CA9BBB /* TaskGroupSwiftTests */,
				48D48A152BB9F72F00CA9BBB /* TaskGroupSwiftUITests */,
			);
		};
/* End PBXProject section */

/* Begin PBXResourcesBuildPhase section */
		48D489FA2BB9F72C00CA9BBB /* Resources */ = {
			isa = PBXResourcesBuildPhase;
			buildActionMask = 2147483647;
			files = (
				48D48A072BB9F72E00CA9BBB /* Preview Assets.xcassets in Resources */,
				48D48A042BB9F72E00CA9BBB /* Assets.xcassets in Resources */,
			);
			runOnlyForDeploymentPostprocessing = 0;
		};
		48D48A0A2BB9F72F00CA9BBB /* Resources */ = {
			isa = PBXResourcesBuildPhase;
			buildActionMask = 2147483647;
			files = (
			);
			runOnlyForDeploymentPostprocessing = 0;
		};
		48D48A142BB9F72F00CA9BBB /* Resources */ = {
			isa = PBXResourcesBuildPhase;
			buildActionMask = 2147483647;
			files = (
			);
			runOnlyForDeploymentPostprocessing = 0;
		};
/* End PBXResourcesBuildPhase section */

/* Begin PBXSourcesBuildPhase section */
		48D489F82BB9F72C00CA9BBB /* Sources */ = {
			isa = PBXSourcesBuildPhase;
			buildActionMask = 2147483647;
			files = (
				48D48A452BBA01A700CA9BBB /* WebService.swift in Sources */,
				48D48A352BBA005500CA9BBB /* WeatherDetailsRow.swift in Sources */,
				48D48A342BBA005500CA9BBB /* WeatherDetailsView.swift in Sources */,
				48D48A3E2BBA015B00CA9BBB /* Double+Extension.swift in Sources */,
				48D48A2A2BB9FF5300CA9BBB /* CityListViewModel.swift in Sources */,
				48D48A2F2BBA000F00CA9BBB /* WeatherForecast.swift in Sources */,
				48D48A462BBA01A700CA9BBB /* ErrorModel.swift in Sources */,
				48D48A482BBA087F00CA9BBB /* CityListRow.swift in Sources */,
				48D48A442BBA01A700CA9BBB /* Constants.swift in Sources */,
				48D48A332BBA005500CA9BBB /* WeatherDetailsViewModel.swift in Sources */,
				48D48A022BB9F72C00CA9BBB /* CityListView.swift in Sources */,
				48D48A2C2BB9FF8300CA9BBB /* CityModel.swift in Sources */,
				48D48A002BB9F72C00CA9BBB /* TaskGroupSwiftApp.swift in Sources */,
			);
			runOnlyForDeploymentPostprocessing = 0;
		};
		48D48A082BB9F72F00CA9BBB /* Sources */ = {
			isa = PBXSourcesBuildPhase;
			buildActionMask = 2147483647;
			files = (
				48D48A112BB9F72F00CA9BBB /* TaskGroupSwiftTests.swift in Sources */,
			);
			runOnlyForDeploymentPostprocessing = 0;
		};
		48D48A122BB9F72F00CA9BBB /* Sources */ = {
			isa = PBXSourcesBuildPhase;
			buildActionMask = 2147483647;
			files = (
				48D48A1B2BB9F72F00CA9BBB /* TaskGroupSwiftUITests.swift in Sources */,
				48D48A1D2BB9F72F00CA9BBB /* TaskGroupSwiftUITestsLaunchTests.swift in Sources */,
			);
			runOnlyForDeploymentPostprocessing = 0;
		};
/* End PBXSourcesBuildPhase section */

/* Begin PBXTargetDependency section */
		48D48A0E2BB9F72F00CA9BBB /* PBXTargetDependency */ = {
			isa = PBXTargetDependency;
			target = 48D489FB2BB9F72C00CA9BBB /* TaskGroupSwift */;
			targetProxy = 48D48A0D2BB9F72F00CA9BBB /* PBXContainerItemProxy */;
		};
		48D48A182BB9F72F00CA9BBB /* PBXTargetDependency */ = {
			isa = PBXTargetDependency;
			target = 48D489FB2BB9F72C00CA9BBB /* TaskGroupSwift */;
			targetProxy = 48D48A172BB9F72F00CA9BBB /* PBXContainerItemProxy */;
		};
/* End PBXTargetDependency section */

/* Begin XCBuildConfiguration section */
		48D48A1E2BB9F72F00CA9BBB /* Debug */ = {
			isa = XCBuildConfiguration;
			buildSettings = {
				ALWAYS_SEARCH_USER_PATHS = NO;
				ASSETCATALOG_COMPILER_GENERATE_SWIFT_ASSET_SYMBOL_EXTENSIONS = YES;
				CLANG_ANALYZER_NONNULL = YES;
				CLANG_ANALYZER_NUMBER_OBJECT_CONVERSION = YES_AGGRESSIVE;
				CLANG_CXX_LANGUAGE_STANDARD = "gnu++20";
				CLANG_ENABLE_MODULES = YES;
				CLANG_ENABLE_OBJC_ARC = YES;
				CLANG_ENABLE_OBJC_WEAK = YES;
				CLANG_WARN_BLOCK_CAPTURE_AUTORELEASING = YES;
				CLANG_WARN_BOOL_CONVERSION = YES;
				CLANG_WARN_COMMA = YES;
				CLANG_WARN_CONSTANT_CONVERSION = YES;
				CLANG_WARN_DEPRECATED_OBJC_IMPLEMENTATIONS = YES;
				CLANG_WARN_DIRECT_OBJC_ISA_USAGE = YES_ERROR;
				CLANG_WARN_DOCUMENTATION_COMMENTS = YES;
				CLANG_WARN_EMPTY_BODY = YES;
				CLANG_WARN_ENUM_CONVERSION = YES;
				CLANG_WARN_INFINITE_RECURSION = YES;
				CLANG_WARN_INT_CONVERSION = YES;
				CLANG_WARN_NON_LITERAL_NULL_CONVERSION = YES;
				CLANG_WARN_OBJC_IMPLICIT_RETAIN_SELF = YES;
				CLANG_WARN_OBJC_LITERAL_CONVERSION = YES;
				CLANG_WARN_OBJC_ROOT_CLASS = YES_ERROR;
				CLANG_WARN_QUOTED_INCLUDE_IN_FRAMEWORK_HEADER = YES;
				CLANG_WARN_RANGE_LOOP_ANALYSIS = YES;
				CLANG_WARN_STRICT_PROTOTYPES = YES;
				CLANG_WARN_SUSPICIOUS_MOVE = YES;
				CLANG_WARN_UNGUARDED_AVAILABILITY = YES_AGGRESSIVE;
				CLANG_WARN_UNREACHABLE_CODE = YES;
				CLANG_WARN__DUPLICATE_METHOD_MATCH = YES;
				COPY_PHASE_STRIP = NO;
				DEBUG_INFORMATION_FORMAT = dwarf;
				ENABLE_STRICT_OBJC_MSGSEND = YES;
				ENABLE_TESTABILITY = YES;
				ENABLE_USER_SCRIPT_SANDBOXING = YES;
				GCC_C_LANGUAGE_STANDARD = gnu17;
				GCC_DYNAMIC_NO_PIC = NO;
				GCC_NO_COMMON_BLOCKS = YES;
				GCC_OPTIMIZATION_LEVEL = 0;
				GCC_PREPROCESSOR_DEFINITIONS = (
					"DEBUG=1",
					"$(inherited)",
				);
				GCC_WARN_64_TO_32_BIT_CONVERSION = YES;
				GCC_WARN_ABOUT_RETURN_TYPE = YES_ERROR;
				GCC_WARN_UNDECLARED_SELECTOR = YES;
				GCC_WARN_UNINITIALIZED_AUTOS = YES_AGGRESSIVE;
				GCC_WARN_UNUSED_FUNCTION = YES;
				GCC_WARN_UNUSED_VARIABLE = YES;
				IPHONEOS_DEPLOYMENT_TARGET = 17.0;
				LOCALIZATION_PREFERS_STRING_CATALOGS = YES;
				MTL_ENABLE_DEBUG_INFO = INCLUDE_SOURCE;
				MTL_FAST_MATH = YES;
				ONLY_ACTIVE_ARCH = YES;
				SDKROOT = iphoneos;
				SWIFT_ACTIVE_COMPILATION_CONDITIONS = "DEBUG $(inherited)";
				SWIFT_OPTIMIZATION_LEVEL = "-Onone";
			};
			name = Debug;
		};
		48D48A1F2BB9F72F00CA9BBB /* Release */ = {
			isa = XCBuildConfiguration;
			buildSettings = {
				ALWAYS_SEARCH_USER_PATHS = NO;
				ASSETCATALOG_COMPILER_GENERATE_SWIFT_ASSET_SYMBOL_EXTENSIONS = YES;
				CLANG_ANALYZER_NONNULL = YES;
				CLANG_ANALYZER_NUMBER_OBJECT_CONVERSION = YES_AGGRESSIVE;
				CLANG_CXX_LANGUAGE_STANDARD = "gnu++20";
				CLANG_ENABLE_MODULES = YES;
				CLANG_ENABLE_OBJC_ARC = YES;
				CLANG_ENABLE_OBJC_WEAK = YES;
				CLANG_WARN_BLOCK_CAPTURE_AUTORELEASING = YES;
				CLANG_WARN_BOOL_CONVERSION = YES;
				CLANG_WARN_COMMA = YES;
				CLANG_WARN_CONSTANT_CONVERSION = YES;
				CLANG_WARN_DEPRECATED_OBJC_IMPLEMENTATIONS = YES;
				CLANG_WARN_DIRECT_OBJC_ISA_USAGE = YES_ERROR;
				CLANG_WARN_DOCUMENTATION_COMMENTS = YES;
				CLANG_WARN_EMPTY_BODY = YES;
				CLANG_WARN_ENUM_CONVERSION = YES;
				CLANG_WARN_INFINITE_RECURSION = YES;
				CLANG_WARN_INT_CONVERSION = YES;
				CLANG_WARN_NON_LITERAL_NULL_CONVERSION = YES;
				CLANG_WARN_OBJC_IMPLICIT_RETAIN_SELF = YES;
				CLANG_WARN_OBJC_LITERAL_CONVERSION = YES;
				CLANG_WARN_OBJC_ROOT_CLASS = YES_ERROR;
				CLANG_WARN_QUOTED_INCLUDE_IN_FRAMEWORK_HEADER = YES;
				CLANG_WARN_RANGE_LOOP_ANALYSIS = YES;
				CLANG_WARN_STRICT_PROTOTYPES = YES;
				CLANG_WARN_SUSPICIOUS_MOVE = YES;
				CLANG_WARN_UNGUARDED_AVAILABILITY = YES_AGGRESSIVE;
				CLANG_WARN_UNREACHABLE_CODE = YES;
				CLANG_WARN__DUPLICATE_METHOD_MATCH = YES;
				COPY_PHASE_STRIP = NO;
				DEBUG_INFORMATION_FORMAT = "dwarf-with-dsym";
				ENABLE_NS_ASSERTIONS = NO;
				ENABLE_STRICT_OBJC_MSGSEND = YES;
				ENABLE_USER_SCRIPT_SANDBOXING = YES;
				GCC_C_LANGUAGE_STANDARD = gnu17;
				GCC_NO_COMMON_BLOCKS = YES;
				GCC_WARN_64_TO_32_BIT_CONVERSION = YES;
				GCC_WARN_ABOUT_RETURN_TYPE = YES_ERROR;
				GCC_WARN_UNDECLARED_SELECTOR = YES;
				GCC_WARN_UNINITIALIZED_AUTOS = YES_AGGRESSIVE;
				GCC_WARN_UNUSED_FUNCTION = YES;
				GCC_WARN_UNUSED_VARIABLE = YES;
				IPHONEOS_DEPLOYMENT_TARGET = 17.0;
				LOCALIZATION_PREFERS_STRING_CATALOGS = YES;
				MTL_ENABLE_DEBUG_INFO = NO;
				MTL_FAST_MATH = YES;
				SDKROOT = iphoneos;
				SWIFT_COMPILATION_MODE = wholemodule;
				VALIDATE_PRODUCT = YES;
			};
			name = Release;
		};
		48D48A212BB9F72F00CA9BBB /* Debug */ = {
			isa = XCBuildConfiguration;
			buildSettings = {
				ASSETCATALOG_COMPILER_APPICON_NAME = AppIcon;
				ASSETCATALOG_COMPILER_GLOBAL_ACCENT_COLOR_NAME = AccentColor;
				CODE_SIGN_STYLE = Automatic;
				CURRENT_PROJECT_VERSION = 1;
				DEVELOPMENT_ASSET_PATHS = "\"TaskGroupSwift/Preview Content\"";
				ENABLE_PREVIEWS = YES;
				GENERATE_INFOPLIST_FILE = YES;
				INFOPLIST_KEY_UIApplicationSceneManifest_Generation = YES;
				INFOPLIST_KEY_UIApplicationSupportsIndirectInputEvents = YES;
				INFOPLIST_KEY_UILaunchScreen_Generation = YES;
				INFOPLIST_KEY_UISupportedInterfaceOrientations_iPad = "UIInterfaceOrientationPortrait UIInterfaceOrientationPortraitUpsideDown UIInterfaceOrientationLandscapeLeft UIInterfaceOrientationLandscapeRight";
				INFOPLIST_KEY_UISupportedInterfaceOrientations_iPhone = "UIInterfaceOrientationPortrait UIInterfaceOrientationLandscapeLeft UIInterfaceOrientationLandscapeRight";
				LD_RUNPATH_SEARCH_PATHS = (
					"$(inherited)",
					"@executable_path/Frameworks",
				);
				MARKETING_VERSION = 1.0;
				PRODUCT_BUNDLE_IDENTIFIER = com.ayush.TaskGroupSwift;
				PRODUCT_NAME = "$(TARGET_NAME)";
				SWIFT_EMIT_LOC_STRINGS = YES;
				SWIFT_VERSION = 5.0;
				TARGETED_DEVICE_FAMILY = "1,2";
			};
			name = Debug;
		};
		48D48A222BB9F72F00CA9BBB /* Release */ = {
			isa = XCBuildConfiguration;
			buildSettings = {
				ASSETCATALOG_COMPILER_APPICON_NAME = AppIcon;
				ASSETCATALOG_COMPILER_GLOBAL_ACCENT_COLOR_NAME = AccentColor;
				CODE_SIGN_STYLE = Automatic;
				CURRENT_PROJECT_VERSION = 1;
				DEVELOPMENT_ASSET_PATHS = "\"TaskGroupSwift/Preview Content\"";
				ENABLE_PREVIEWS = YES;
				GENERATE_INFOPLIST_FILE = YES;
				INFOPLIST_KEY_UIApplicationSceneManifest_Generation = YES;
				INFOPLIST_KEY_UIApplicationSupportsIndirectInputEvents = YES;
				INFOPLIST_KEY_UILaunchScreen_Generation = YES;
				INFOPLIST_KEY_UISupportedInterfaceOrientations_iPad = "UIInterfaceOrientationPortrait UIInterfaceOrientationPortraitUpsideDown UIInterfaceOrientationLandscapeLeft UIInterfaceOrientationLandscapeRight";
				INFOPLIST_KEY_UISupportedInterfaceOrientations_iPhone = "UIInterfaceOrientationPortrait UIInterfaceOrientationLandscapeLeft UIInterfaceOrientationLandscapeRight";
				LD_RUNPATH_SEARCH_PATHS = (
					"$(inherited)",
					"@executable_path/Frameworks",
				);
				MARKETING_VERSION = 1.0;
				PRODUCT_BUNDLE_IDENTIFIER = com.ayush.TaskGroupSwift;
				PRODUCT_NAME = "$(TARGET_NAME)";
				SWIFT_EMIT_LOC_STRINGS = YES;
				SWIFT_VERSION = 5.0;
				TARGETED_DEVICE_FAMILY = "1,2";
			};
			name = Release;
		};
		48D48A242BB9F72F00CA9BBB /* Debug */ = {
			isa = XCBuildConfiguration;
			buildSettings = {
				ALWAYS_EMBED_SWIFT_STANDARD_LIBRARIES = YES;
				BUNDLE_LOADER = "$(TEST_HOST)";
				CODE_SIGN_STYLE = Automatic;
				CURRENT_PROJECT_VERSION = 1;
				GENERATE_INFOPLIST_FILE = YES;
				IPHONEOS_DEPLOYMENT_TARGET = 17.0;
				MARKETING_VERSION = 1.0;
				PRODUCT_BUNDLE_IDENTIFIER = com.ayush.TaskGroupSwiftTests;
				PRODUCT_NAME = "$(TARGET_NAME)";
				SWIFT_EMIT_LOC_STRINGS = NO;
				SWIFT_VERSION = 5.0;
				TARGETED_DEVICE_FAMILY = "1,2";
				TEST_HOST = "$(BUILT_PRODUCTS_DIR)/TaskGroupSwift.app/$(BUNDLE_EXECUTABLE_FOLDER_PATH)/TaskGroupSwift";
			};
			name = Debug;
		};
		48D48A252BB9F72F00CA9BBB /* Release */ = {
			isa = XCBuildConfiguration;
			buildSettings = {
				ALWAYS_EMBED_SWIFT_STANDARD_LIBRARIES = YES;
				BUNDLE_LOADER = "$(TEST_HOST)";
				CODE_SIGN_STYLE = Automatic;
				CURRENT_PROJECT_VERSION = 1;
				GENERATE_INFOPLIST_FILE = YES;
				IPHONEOS_DEPLOYMENT_TARGET = 17.0;
				MARKETING_VERSION = 1.0;
				PRODUCT_BUNDLE_IDENTIFIER = com.ayush.TaskGroupSwiftTests;
				PRODUCT_NAME = "$(TARGET_NAME)";
				SWIFT_EMIT_LOC_STRINGS = NO;
				SWIFT_VERSION = 5.0;
				TARGETED_DEVICE_FAMILY = "1,2";
				TEST_HOST = "$(BUILT_PRODUCTS_DIR)/TaskGroupSwift.app/$(BUNDLE_EXECUTABLE_FOLDER_PATH)/TaskGroupSwift";
			};
			name = Release;
		};
		48D48A272BB9F72F00CA9BBB /* Debug */ = {
			isa = XCBuildConfiguration;
			buildSettings = {
				ALWAYS_EMBED_SWIFT_STANDARD_LIBRARIES = YES;
				CODE_SIGN_STYLE = Automatic;
				CURRENT_PROJECT_VERSION = 1;
				GENERATE_INFOPLIST_FILE = YES;
				MARKETING_VERSION = 1.0;
				PRODUCT_BUNDLE_IDENTIFIER = com.ayush.TaskGroupSwiftUITests;
				PRODUCT_NAME = "$(TARGET_NAME)";
				SWIFT_EMIT_LOC_STRINGS = NO;
				SWIFT_VERSION = 5.0;
				TARGETED_DEVICE_FAMILY = "1,2";
				TEST_TARGET_NAME = TaskGroupSwift;
			};
			name = Debug;
		};
		48D48A282BB9F72F00CA9BBB /* Release */ = {
			isa = XCBuildConfiguration;
			buildSettings = {
				ALWAYS_EMBED_SWIFT_STANDARD_LIBRARIES = YES;
				CODE_SIGN_STYLE = Automatic;
				CURRENT_PROJECT_VERSION = 1;
				GENERATE_INFOPLIST_FILE = YES;
				MARKETING_VERSION = 1.0;
				PRODUCT_BUNDLE_IDENTIFIER = com.ayush.TaskGroupSwiftUITests;
				PRODUCT_NAME = "$(TARGET_NAME)";
				SWIFT_EMIT_LOC_STRINGS = NO;
				SWIFT_VERSION = 5.0;
				TARGETED_DEVICE_FAMILY = "1,2";
				TEST_TARGET_NAME = TaskGroupSwift;
			};
			name = Release;
		};
/* End XCBuildConfiguration section */

/* Begin XCConfigurationList section */
		48D489F72BB9F72C00CA9BBB /* Build configuration list for PBXProject "TaskGroupSwift" */ = {
			isa = XCConfigurationList;
			buildConfigurations = (
				48D48A1E2BB9F72F00CA9BBB /* Debug */,
				48D48A1F2BB9F72F00CA9BBB /* Release */,
			);
			defaultConfigurationIsVisible = 0;
			defaultConfigurationName = Release;
		};
		48D48A202BB9F72F00CA9BBB /* Build configuration list for PBXNativeTarget "TaskGroupSwift" */ = {
			isa = XCConfigurationList;
			buildConfigurations = (
				48D48A212BB9F72F00CA9BBB /* Debug */,
				48D48A222BB9F72F00CA9BBB /* Release */,
			);
			defaultConfigurationIsVisible = 0;
			defaultConfigurationName = Release;
		};
		48D48A232BB9F72F00CA9BBB /* Build configuration list for PBXNativeTarget "TaskGroupSwiftTests" */ = {
			isa = XCConfigurationList;
			buildConfigurations = (
				48D48A242BB9F72F00CA9BBB /* Debug */,
				48D48A252BB9F72F00CA9BBB /* Release */,
			);
			defaultConfigurationIsVisible = 0;
			defaultConfigurationName = Release;
		};
		48D48A262BB9F72F00CA9BBB /* Build configuration list for PBXNativeTarget "TaskGroupSwiftUITests" */ = {
			isa = XCConfigurationList;
			buildConfigurations = (
				48D48A272BB9F72F00CA9BBB /* Debug */,
				48D48A282BB9F72F00CA9BBB /* Release */,
			);
			defaultConfigurationIsVisible = 0;
			defaultConfigurationName = Release;
		};
/* End XCConfigurationList section */
	};
	rootObject = 48D489F42BB9F72C00CA9BBB /* Project object */;
}
